
Microsoft Visual Studio Solution File, Format Version 12.00
# Visual Studio Version 17
VisualStudioVersion = 17.9.34728.123
MinimumVisualStudioVersion = 10.0.40219.1
Project("{888888A0-9F3D-457C-B088-3A5042F75D52}") = "Viktoria Pospelova", "Viktoria Pospelova\Viktoria Pospelova.pyproj", "{701341CC-CB00-4B18-8959-726AA2E1D3E2}"
EndProject
Global
	GlobalSection(SolutionConfigurationPlatforms) = preSolution
		Debug|Any CPU = Debug|Any CPU
		Release|Any CPU = Release|Any CPU
	EndGlobalSection
	GlobalSection(ProjectConfigurationPlatforms) = postSolution
		{701341CC-CB00-4B18-8959-726AA2E1D3E2}.Debug|Any CPU.ActiveCfg = Debug|Any CPU
		{701341CC-CB00-4B18-8959-726AA2E1D3E2}.Release|Any CPU.ActiveCfg = Release|Any CPU
	EndGlobalSection
	GlobalSection(SolutionProperties) = preSolution
		HideSolutionNode = FALSE
	EndGlobalSection
	GlobalSection(ExtensibilityGlobals) = postSolution
		SolutionGuid = {DD08AA85-E8AB-4206-A5BA-81F5BB0C2507}
	EndGlobalSection
EndGlobal
